{
  "name": "gpstp",
  "version": "1.0.0",
  "lockfileVersion": 2,
  "requires": true,
  "packages": {
    "": {
      "name": "gpstp",
      "version": "1.0.0",
      "license": "ISC",
      "dependencies": {
        "gps-distance": "^0.0.4"
      }
    },
    "node_modules/gps-distance": {
      "version": "0.0.4",
      "resolved": "https://registry.npmjs.org/gps-distance/-/gps-distance-0.0.4.tgz",
      "integrity": "sha512-A0Y86IZW5xlozayFdF/trgWir9h3b4cU4e36llhTKzp2uDCxdZijA4ZXSYElfTdYd7fSImWVgIR3Zf0b6adrvg==",
      "engines": {
        "node": ">= 0.10.x",
        "npm": ">= 1.2.x"
      }
    }
  },
  "dependencies": {
    "gps-distance": {
      "version": "0.0.4",
      "resolved": "https://registry.npmjs.org/gps-distance/-/gps-distance-0.0.4.tgz",
      "integrity": "sha512-A0Y86IZW5xlozayFdF/trgWir9h3b4cU4e36llhTKzp2uDCxdZijA4ZXSYElfTdYd7fSImWVgIR3Zf0b6adrvg=="
    }
  }
}
